
Microsoft Visual Studio Solution File, Format Version 12.00
# Visual Studio Version 17
VisualStudioVersion = 17.3.32811.315
MinimumVisualStudioVersion = 10.0.40219.1
Project("{FAE04EC0-301F-11D3-BF4B-00C04F79EFBC}") = "Vyjimky05", "Vyjimky05.csproj", "{60879BEB-B3FA-441B-B718-7B14AEAB7CAF}"
EndProject
Global
	GlobalSection(SolutionConfigurationPlatforms) = preSolution
		Debug|Any CPU = Debug|Any CPU
		Release|Any CPU = Release|Any CPU
	EndGlobalSection
	GlobalSection(ProjectConfigurationPlatforms) = postSolution
		{60879BEB-B3FA-441B-B718-7B14AEAB7CAF}.Debug|Any CPU.ActiveCfg = Debug|Any CPU
		{60879BEB-B3FA-441B-B718-7B14AEAB7CAF}.Debug|Any CPU.Build.0 = Debug|Any CPU
		{60879BEB-B3FA-441B-B718-7B14AEAB7CAF}.Release|Any CPU.ActiveCfg = Release|Any CPU
		{60879BEB-B3FA-441B-B718-7B14AEAB7CAF}.Release|Any CPU.Build.0 = Release|Any CPU
	EndGlobalSection
	GlobalSection(SolutionProperties) = preSolution
		HideSolutionNode = FALSE
	EndGlobalSection
	GlobalSection(ExtensibilityGlobals) = postSolution
		SolutionGuid = {68EB31C7-FC20-4BDC-B6B3-0828E90FC179}
	EndGlobalSection
EndGlobal
